// !$*UTF8*$!
{
	archiveVersion = 1;
	classes = {
	};
	objectVersion = 46;
	objects = {

/* Begin PBXBuildFile section */
		9C336D7D1DE2D4D300193A8F /* Login.m in Sources */ = {isa = PBXBuildFile; fileRef = 9C336D7C1DE2D4D300193A8F /* Login.m */; };
		9C64AFDB1DE295CC008E0AC4 /* AppDelegate.m in Sources */ = {isa = PBXBuildFile; fileRef = 9C64AFDA1DE295CC008E0AC4 /* AppDelegate.m */; };
		9C64AFDE1DE295CC008E0AC4 /* main.m in Sources */ = {isa = PBXBuildFile; fileRef = 9C64AFDD1DE295CC008E0AC4 /* main.m */; };
		9C64AFE31DE295CC008E0AC4 /* MainMenu.xib in Resources */ = {isa = PBXBuildFile; fileRef = 9C64AFE11DE295CC008E0AC4 /* MainMenu.xib */; };
		9C64AFED1DE29624008E0AC4 /* Layout.m in Sources */ = {isa = PBXBuildFile; fileRef = 9C64AFEC1DE29624008E0AC4 /* Layout.m */; };
		9C64AFFC1DE29AE6008E0AC4 /* HotKey.m in Sources */ = {isa = PBXBuildFile; fileRef = 9C64AFFB1DE29AE6008E0AC4 /* HotKey.m */; };
		9CBD4C381EAAED5500FDD330 /* Assets.xcassets in Resources */ = {isa = PBXBuildFile; fileRef = 9C64AFDF1DE295CC008E0AC4 /* Assets.xcassets */; };
		9CBD4C411EAAEE6900FDD330 /* PTHotKey.m in Sources */ = {isa = PBXBuildFile; fileRef = 9CBD4C3C1EAAEE6900FDD330 /* PTHotKey.m */; };
		9CBD4C421EAAEE6900FDD330 /* PTHotKeyCenter.m in Sources */ = {isa = PBXBuildFile; fileRef = 9CBD4C3E1EAAEE6900FDD330 /* PTHotKeyCenter.m */; };
		9CBD4C431EAAEE6900FDD330 /* PTKeyCombo.m in Sources */ = {isa = PBXBuildFile; fileRef = 9CBD4C401EAAEE6900FDD330 /* PTKeyCombo.m */; };
/* End PBXBuildFile section */

/* Begin PBXFileReference section */
		9C336D7B1DE2D4D300193A8F /* Login.h */ = {isa = PBXFileReference; fileEncoding = 4; lastKnownFileType = sourcecode.c.h; path = Login.h; sourceTree = "<group>"; };
		9C336D7C1DE2D4D300193A8F /* Login.m */ = {isa = PBXFileReference; fileEncoding = 4; lastKnownFileType = sourcecode.c.objc; path = Login.m; sourceTree = "<group>"; };
		9C64AFD61DE295CC008E0AC4 /* SGWindowLayout.app */ = {isa = PBXFileReference; explicitFileType = wrapper.application; includeInIndex = 0; path = SGWindowLayout.app; sourceTree = BUILT_PRODUCTS_DIR; };
		9C64AFD91DE295CC008E0AC4 /* AppDelegate.h */ = {isa = PBXFileReference; lastKnownFileType = sourcecode.c.h; path = AppDelegate.h; sourceTree = "<group>"; };
		9C64AFDA1DE295CC008E0AC4 /* AppDelegate.m */ = {isa = PBXFileReference; lastKnownFileType = sourcecode.c.objc; path = AppDelegate.m; sourceTree = "<group>"; };
		9C64AFDD1DE295CC008E0AC4 /* main.m */ = {isa = PBXFileReference; lastKnownFileType = sourcecode.c.objc; path = main.m; sourceTree = "<group>"; };
		9C64AFDF1DE295CC008E0AC4 /* Assets.xcassets */ = {isa = PBXFileReference; lastKnownFileType = folder.assetcatalog; path = Assets.xcassets; sourceTree = "<group>"; };
		9C64AFE21DE295CC008E0AC4 /* Base */ = {isa = PBXFileReference; lastKnownFileType = file.xib; name = Base; path = Base.lproj/MainMenu.xib; sourceTree = "<group>"; };
		9C64AFE41DE295CC008E0AC4 /* Info.plist */ = {isa = PBXFileReference; lastKnownFileType = text.plist.xml; path = Info.plist; sourceTree = "<group>"; };
		9C64AFEB1DE29624008E0AC4 /* Layout.h */ = {isa = PBXFileReference; fileEncoding = 4; lastKnownFileType = sourcecode.c.h; path = Layout.h; sourceTree = "<group>"; };
		9C64AFEC1DE29624008E0AC4 /* Layout.m */ = {isa = PBXFileReference; fileEncoding = 4; lastKnownFileType = sourcecode.c.objc; path = Layout.m; sourceTree = "<group>"; };
		9C64AFFA1DE29AE6008E0AC4 /* HotKey.h */ = {isa = PBXFileReference; fileEncoding = 4; lastKnownFileType = sourcecode.c.h; path = HotKey.h; sourceTree = "<group>"; };
		9C64AFFB1DE29AE6008E0AC4 /* HotKey.m */ = {isa = PBXFileReference; fileEncoding = 4; lastKnownFileType = sourcecode.c.objc; path = HotKey.m; sourceTree = "<group>"; };
		9CBD4C3B1EAAEE6900FDD330 /* PTHotKey.h */ = {isa = PBXFileReference; fileEncoding = 4; lastKnownFileType = sourcecode.c.h; path = PTHotKey.h; sourceTree = "<group>"; };
		9CBD4C3C1EAAEE6900FDD330 /* PTHotKey.m */ = {isa = PBXFileReference; fileEncoding = 4; lastKnownFileType = sourcecode.c.objc; path = PTHotKey.m; sourceTree = "<group>"; };
		9CBD4C3D1EAAEE6900FDD330 /* PTHotKeyCenter.h */ = {isa = PBXFileReference; fileEncoding = 4; lastKnownFileType = sourcecode.c.h; path = PTHotKeyCenter.h; sourceTree = "<group>"; };
		9CBD4C3E1EAAEE6900FDD330 /* PTHotKeyCenter.m */ = {isa = PBXFileReference; fileEncoding = 4; lastKnownFileType = sourcecode.c.objc; path = PTHotKeyCenter.m; sourceTree = "<group>"; };
		9CBD4C3F1EAAEE6900FDD330 /* PTKeyCombo.h */ = {isa = PBXFileReference; fileEncoding = 4; lastKnownFileType = sourcecode.c.h; path = PTKeyCombo.h; sourceTree = "<group>"; };
		9CBD4C401EAAEE6900FDD330 /* PTKeyCombo.m */ = {isa = PBXFileReference; fileEncoding = 4; lastKnownFileType = sourcecode.c.objc; path = PTKeyCombo.m; sourceTree = "<group>"; };
/* End PBXFileReference section */

/* Begin PBXFrameworksBuildPhase section */
		9C64AFD31DE295CC008E0AC4 /* Frameworks */ = {
			isa = PBXFrameworksBuildPhase;
			buildActionMask = 2147483647;
			files = (
			);
			runOnlyForDeploymentPostprocessing = 0;
		};
/* End PBXFrameworksBuildPhase section */

/* Begin PBXGroup section */
		9C64AFCD1DE295CC008E0AC4 = {
			isa = PBXGroup;
			children = (
				9C64AFD81DE295CC008E0AC4 /* SGWindowLayout */,
				9C64AFD71DE295CC008E0AC4 /* Products */,
			);
			sourceTree = "<group>";
		};
		9C64AFD71DE295CC008E0AC4 /* Products */ = {
			isa = PBXGroup;
			children = (
				9C64AFD61DE295CC008E0AC4 /* SGWindowLayout.app */,
			);
			name = Products;
			sourceTree = "<group>";
		};
		9C64AFD81DE295CC008E0AC4 /* SGWindowLayout */ = {
			isa = PBXGroup;
			children = (
				9CBD4C391EAAEE6900FDD330 /* Vendors */,
				9C64AFEA1DE29614008E0AC4 /* Core */,
				9C64AFD91DE295CC008E0AC4 /* AppDelegate.h */,
				9C64AFDA1DE295CC008E0AC4 /* AppDelegate.m */,
				9C64AFE11DE295CC008E0AC4 /* MainMenu.xib */,
				9C64AFDC1DE295CC008E0AC4 /* Supporting Files */,
			);
			path = SGWindowLayout;
			sourceTree = "<group>";
		};
		9C64AFDC1DE295CC008E0AC4 /* Supporting Files */ = {
			isa = PBXGroup;
			children = (
				9C64AFDF1DE295CC008E0AC4 /* Assets.xcassets */,
				9C64AFE41DE295CC008E0AC4 /* Info.plist */,
				9C64AFDD1DE295CC008E0AC4 /* main.m */,
			);
			name = "Supporting Files";
			sourceTree = "<group>";
		};
		9C64AFEA1DE29614008E0AC4 /* Core */ = {
			isa = PBXGroup;
			children = (
				9C64AFEB1DE29624008E0AC4 /* Layout.h */,
				9C64AFEC1DE29624008E0AC4 /* Layout.m */,
				9C64AFFA1DE29AE6008E0AC4 /* HotKey.h */,
				9C64AFFB1DE29AE6008E0AC4 /* HotKey.m */,
				9C336D7B1DE2D4D300193A8F /* Login.h */,
				9C336D7C1DE2D4D300193A8F /* Login.m */,
			);
			path = Core;
			sourceTree = "<group>";
		};
		9CBD4C391EAAEE6900FDD330 /* Vendors */ = {
			isa = PBXGroup;
			children = (
				9CBD4C3A1EAAEE6900FDD330 /* PTHotKey */,
			);
			path = Vendors;
			sourceTree = "<group>";
		};
		9CBD4C3A1EAAEE6900FDD330 /* PTHotKey */ = {
			isa = PBXGroup;
			children = (
				9CBD4C3B1EAAEE6900FDD330 /* PTHotKey.h */,
				9CBD4C3C1EAAEE6900FDD330 /* PTHotKey.m */,
				9CBD4C3D1EAAEE6900FDD330 /* PTHotKeyCenter.h */,
				9CBD4C3E1EAAEE6900FDD330 /* PTHotKeyCenter.m */,
				9CBD4C3F1EAAEE6900FDD330 /* PTKeyCombo.h */,
				9CBD4C401EAAEE6900FDD330 /* PTKeyCombo.m */,
			);
			path = PTHotKey;
			sourceTree = "<group>";
		};
/* End PBXGroup section */

/* Begin PBXNativeTarget section */
		9C64AFD51DE295CC008E0AC4 /* SGWindowLayout */ = {
			isa = PBXNativeTarget;
			buildConfigurationList = 9C64AFE71DE295CC008E0AC4 /* Build configuration list for PBXNativeTarget "SGWindowLayout" */;
			buildPhases = (
				9C64AFD21DE295CC008E0AC4 /* Sources */,
				9C64AFD31DE295CC008E0AC4 /* Frameworks */,
				9C64AFD41DE295CC008E0AC4 /* Resources */,
			);
			buildRules = (
			);
			dependencies = (
			);
			name = SGWindowLayout;
			productName = WindowLayout;
			productReference = 9C64AFD61DE295CC008E0AC4 /* SGWindowLayout.app */;
			productType = "com.apple.product-type.application";
		};
/* End PBXNativeTarget section */

/* Begin PBXProject section */
		9C64AFCE1DE295CC008E0AC4 /* Project object */ = {
			isa = PBXProject;
			attributes = {
				LastUpgradeCheck = 0810;
				ORGANIZATIONNAME = single;
				TargetAttributes = {
					9C64AFD51DE295CC008E0AC4 = {
						CreatedOnToolsVersion = 8.0;
						DevelopmentTeam = 79WDBYQ4TC;
						ProvisioningStyle = Automatic;
					};
				};
			};
			buildConfigurationList = 9C64AFD11DE295CC008E0AC4 /* Build configuration list for PBXProject "SGWindowLayout" */;
			compatibilityVersion = "Xcode 3.2";
			developmentRegion = English;
			hasScannedForEncodings = 0;
			knownRegions = (
				en,
				Base,
			);
			mainGroup = 9C64AFCD1DE295CC008E0AC4;
			productRefGroup = 9C64AFD71DE295CC008E0AC4 /* Products */;
			projectDirPath = "";
			projectRoot = "";
			targets = (
				9C64AFD51DE295CC008E0AC4 /* SGWindowLayout */,
			);
		};
/* End PBXProject section */

/* Begin PBXResourcesBuildPhase section */
		9C64AFD41DE295CC008E0AC4 /* Resources */ = {
			isa = PBXResourcesBuildPhase;
			buildActionMask = 2147483647;
			files = (
				9CBD4C381EAAED5500FDD330 /* Assets.xcassets in Resources */,
				9C64AFE31DE295CC008E0AC4 /* MainMenu.xib in Resources */,
			);
			runOnlyForDeploymentPostprocessing = 0;
		};
/* End PBXResourcesBuildPhase section */

/* Begin PBXSourcesBuildPhase section */
		9C64AFD21DE295CC008E0AC4 /* Sources */ = {
			isa = PBXSourcesBuildPhase;
			buildActionMask = 2147483647;
			files = (
				9C64AFED1DE29624008E0AC4 /* Layout.m in Sources */,
				9CBD4C411EAAEE6900FDD330 /* PTHotKey.m in Sources */,
				9C64AFFC1DE29AE6008E0AC4 /* HotKey.m in Sources */,
				9CBD4C421EAAEE6900FDD330 /* PTHotKeyCenter.m in Sources */,
				9CBD4C431EAAEE6900FDD330 /* PTKeyCombo.m in Sources */,
				9C336D7D1DE2D4D300193A8F /* Login.m in Sources */,
				9C64AFDE1DE295CC008E0AC4 /* main.m in Sources */,
				9C64AFDB1DE295CC008E0AC4 /* AppDelegate.m in Sources */,
			);
			runOnlyForDeploymentPostprocessing = 0;
		};
/* End PBXSourcesBuildPhase section */

/* Begin PBXVariantGroup section */
		9C64AFE11DE295CC008E0AC4 /* MainMenu.xib */ = {
			isa = PBXVariantGroup;
			children = (
				9C64AFE21DE295CC008E0AC4 /* Base */,
			);
			name = MainMenu.xib;
			sourceTree = "<group>";
		};
/* End PBXVariantGroup section */

/* Begin XCBuildConfiguration section */
		9C64AFE51DE295CC008E0AC4 /* Debug */ = {
			isa = XCBuildConfiguration;
			buildSettings = {
				ALWAYS_SEARCH_USER_PATHS = NO;
				CLANG_ANALYZER_NONNULL = YES;
				CLANG_CXX_LANGUAGE_STANDARD = "gnu++0x";
				CLANG_CXX_LIBRARY = "libc++";
				CLANG_ENABLE_MODULES = YES;
				CLANG_ENABLE_OBJC_ARC = YES;
				CLANG_WARN_BOOL_CONVERSION = YES;
				CLANG_WARN_CONSTANT_CONVERSION = YES;
				CLANG_WARN_DIRECT_OBJC_ISA_USAGE = YES_ERROR;
				CLANG_WARN_DOCUMENTATION_COMMENTS = YES;
				CLANG_WARN_EMPTY_BODY = YES;
				CLANG_WARN_ENUM_CONVERSION = YES;
				CLANG_WARN_INFINITE_RECURSION = YES;
				CLANG_WARN_INT_CONVERSION = YES;
				CLANG_WARN_OBJC_ROOT_CLASS = YES_ERROR;
				CLANG_WARN_SUSPICIOUS_MOVE = YES;
				CLANG_WARN_SUSPICIOUS_MOVES = YES;
				CLANG_WARN_UNREACHABLE_CODE = YES;
				CLANG_WARN__DUPLICATE_METHOD_MATCH = YES;
				CODE_SIGN_IDENTITY = "-";
				COPY_PHASE_STRIP = NO;
				DEBUG_INFORMATION_FORMAT = dwarf;
				ENABLE_STRICT_OBJC_MSGSEND = YES;
				ENABLE_TESTABILITY = YES;
				GCC_C_LANGUAGE_STANDARD = gnu99;
				GCC_DYNAMIC_NO_PIC = NO;
				GCC_NO_COMMON_BLOCKS = YES;
				GCC_OPTIMIZATION_LEVEL = 0;
				GCC_PREPROCESSOR_DEFINITIONS = (
					"DEBUG=1",
					"$(inherited)",
				);
				GCC_WARN_64_TO_32_BIT_CONVERSION = YES;
				GCC_WARN_ABOUT_RETURN_TYPE = YES_ERROR;
				GCC_WARN_UNDECLARED_SELECTOR = YES;
				GCC_WARN_UNINITIALIZED_AUTOS = YES_AGGRESSIVE;
				GCC_WARN_UNUSED_FUNCTION = YES;
				GCC_WARN_UNUSED_VARIABLE = YES;
				MACOSX_DEPLOYMENT_TARGET = 10.12;
				MTL_ENABLE_DEBUG_INFO = YES;
				ONLY_ACTIVE_ARCH = YES;
				SDKROOT = macosx;
			};
			name = Debug;
		};
		9C64AFE61DE295CC008E0AC4 /* Release */ = {
			isa = XCBuildConfiguration;
			buildSettings = {
				ALWAYS_SEARCH_USER_PATHS = NO;
				CLANG_ANALYZER_NONNULL = YES;
				CLANG_CXX_LANGUAGE_STANDARD = "gnu++0x";
				CLANG_CXX_LIBRARY = "libc++";
				CLANG_ENABLE_MODULES = YES;
				CLANG_ENABLE_OBJC_ARC = YES;
				CLANG_WARN_BOOL_CONVERSION = YES;
				CLANG_WARN_CONSTANT_CONVERSION = YES;
				CLANG_WARN_DIRECT_OBJC_ISA_USAGE = YES_ERROR;
				CLANG_WARN_DOCUMENTATION_COMMENTS = YES;
				CLANG_WARN_EMPTY_BODY = YES;
				CLANG_WARN_ENUM_CONVERSION = YES;
				CLANG_WARN_INFINITE_RECURSION = YES;
				CLANG_WARN_INT_CONVERSION = YES;
				CLANG_WARN_OBJC_ROOT_CLASS = YES_ERROR;
				CLANG_WARN_SUSPICIOUS_MOVE = YES;
				CLANG_WARN_SUSPICIOUS_MOVES = YES;
				CLANG_WARN_UNREACHABLE_CODE = YES;
				CLANG_WARN__DUPLICATE_METHOD_MATCH = YES;
				CODE_SIGN_IDENTITY = "-";
				COPY_PHASE_STRIP = NO;
				DEBUG_INFORMATION_FORMAT = "dwarf-with-dsym";
				ENABLE_NS_ASSERTIONS = NO;
				ENABLE_STRICT_OBJC_MSGSEND = YES;
				GCC_C_LANGUAGE_STANDARD = gnu99;
				GCC_NO_COMMON_BLOCKS = YES;
				GCC_WARN_64_TO_32_BIT_CONVERSION = YES;
				GCC_WARN_ABOUT_RETURN_TYPE = YES_ERROR;
				GCC_WARN_UNDECLARED_SELECTOR = YES;
				GCC_WARN_UNINITIALIZED_AUTOS = YES_AGGRESSIVE;
				GCC_WARN_UNUSED_FUNCTION = YES;
				GCC_WARN_UNUSED_VARIABLE = YES;
				MACOSX_DEPLOYMENT_TARGET = 10.12;
				MTL_ENABLE_DEBUG_INFO = NO;
				SDKROOT = macosx;
			};
			name = Release;
		};
		9C64AFE81DE295CC008E0AC4 /* Debug */ = {
			isa = XCBuildConfiguration;
			buildSettings = {
				ASSETCATALOG_COMPILER_APPICON_NAME = AppIcon;
				COMBINE_HIDPI_IMAGES = YES;
				DEVELOPMENT_TEAM = 79WDBYQ4TC;
				INFOPLIST_FILE = "$(SRCROOT)/SGWindowLayout/Info.plist";
				LD_RUNPATH_SEARCH_PATHS = "$(inherited) @executable_path/../Frameworks";
				PRODUCT_BUNDLE_IDENTIFIER = com.libobjc.SGWindowLayout;
				PRODUCT_NAME = "$(TARGET_NAME)";
			};
			name = Debug;
		};
		9C64AFE91DE295CC008E0AC4 /* Release */ = {
			isa = XCBuildConfiguration;
			buildSettings = {
				ASSETCATALOG_COMPILER_APPICON_NAME = AppIcon;
				COMBINE_HIDPI_IMAGES = YES;
				DEVELOPMENT_TEAM = 79WDBYQ4TC;
				INFOPLIST_FILE = "$(SRCROOT)/SGWindowLayout/Info.plist";
				LD_RUNPATH_SEARCH_PATHS = "$(inherited) @executable_path/../Frameworks";
				PRODUCT_BUNDLE_IDENTIFIER = com.libobjc.SGWindowLayout;
				PRODUCT_NAME = "$(TARGET_NAME)";
			};
			name = Release;
		};
/* End XCBuildConfiguration section */

/* Begin XCConfigurationList section */
		9C64AFD11DE295CC008E0AC4 /* Build configuration list for PBXProject "SGWindowLayout" */ = {
			isa = XCConfigurationList;
			buildConfigurations = (
				9C64AFE51DE295CC008E0AC4 /* Debug */,
				9C64AFE61DE295CC008E0AC4 /* Release */,
			);
			defaultConfigurationIsVisible = 0;
			defaultConfigurationName = Release;
		};
		9C64AFE71DE295CC008E0AC4 /* Build configuration list for PBXNativeTarget "SGWindowLayout" */ = {
			isa = XCConfigurationList;
			buildConfigurations = (
				9C64AFE81DE295CC008E0AC4 /* Debug */,
				9C64AFE91DE295CC008E0AC4 /* Release */,
			);
			defaultConfigurationIsVisible = 0;
			defaultConfigurationName = Release;
		};
/* End XCConfigurationList section */
	};
	rootObject = 9C64AFCE1DE295CC008E0AC4 /* Project object */;
}
